Microsoft Visual Studio Solution File, Format Version 12.00
# Visual Studio 2012
Project("{FAE04EC0-301F-11D3-BF4B-00C04F79EFBC}") = "JPPP", "JPPP.csproj", "{C9A20E89-9767-40BB-B911-3D910964E96F}"
EndProject
Global
	GlobalSection(SolutionConfigurationPlatforms) = preSolution
	Debug|Any CPU = Debug|Any CPU
	ExportDebug|Any CPU = ExportDebug|Any CPU
	ExportRelease|Any CPU = ExportRelease|Any CPU
	EndGlobalSection
	GlobalSection(ProjectConfigurationPlatforms) = postSolution
		{C9A20E89-9767-40BB-B911-3D910964E96F}.Debug|Any CPU.ActiveCfg = Debug|Any CPU
		{C9A20E89-9767-40BB-B911-3D910964E96F}.Debug|Any CPU.Build.0 = Debug|Any CPU
		{C9A20E89-9767-40BB-B911-3D910964E96F}.ExportDebug|Any CPU.ActiveCfg = ExportDebug|Any CPU
		{C9A20E89-9767-40BB-B911-3D910964E96F}.ExportDebug|Any CPU.Build.0 = ExportDebug|Any CPU
		{C9A20E89-9767-40BB-B911-3D910964E96F}.ExportRelease|Any CPU.ActiveCfg = ExportRelease|Any CPU
		{C9A20E89-9767-40BB-B911-3D910964E96F}.ExportRelease|Any CPU.Build.0 = ExportRelease|Any CPU
	EndGlobalSection
EndGlobal
